version: 2.0
shards:
  ameba:
    git: https://github.com/crystal-ameba/ameba.git
    version: 0.13.3

  caridina:
    git: https://github.com/erdnaxeli/caridina.git
    version: 0.7.1

  db:
    git: https://github.com/crystal-lang/crystal-db.git
    version: 0.10.0

  marmot:
    git: https://github.com/erdnaxeli/marmot.git
    version: 0.3.1

  spectator:
    git: https://gitlab.com/arctic-fox/spectator.git
    version: 0.9.30

  sqlite3:
    git: https://github.com/crystal-lang/crystal-sqlite3.git
    version: 0.17.0

